
Microsoft Visual Studio Solution File, Format Version 12.00
# Visual Studio 15
VisualStudioVersion = 15.0.27004.2010
MinimumVisualStudioVersion = 10.0.40219.1
Project("{9A19103F-16F7-4668-BE54-9A1E7A4F7556}") = "GraphQlClientGenerator.Console", "src\GraphQlClientGenerator.Console\GraphQlClientGenerator.Console.csproj", "{D8D86371-7E15-4275-8968-2FB431EBBDE3}"
EndProject
Project("{2150E333-8FDC-42A3-9474-1A3956D46DE8}") = "src", "src", "{C48B93CC-CA04-4372-AA5C-A8DAFA295BCF}"
EndProject
Project("{9A19103F-16F7-4668-BE54-9A1E7A4F7556}") = "GraphQlClientGenerator", "src\GraphQlClientGenerator\GraphQlClientGenerator.csproj", "{7CC22B24-8C9F-46DA-BE7C-A07BF5D73834}"
EndProject
Project("{2150E333-8FDC-42A3-9474-1A3956D46DE8}") = "test", "test", "{4C764379-22AF-4939-9189-9F6C617752F1}"
EndProject
Project("{9A19103F-16F7-4668-BE54-9A1E7A4F7556}") = "GraphQlClientGenerator.Test", "test\GraphQlClientGenerator.Test\GraphQlClientGenerator.Test.csproj", "{E068E024-2E58-41AD-A617-37DFA973F2E3}"
EndProject
Global
	GlobalSection(SolutionConfigurationPlatforms) = preSolution
		Debug|Any CPU = Debug|Any CPU
		Release|Any CPU = Release|Any CPU
	EndGlobalSection
	GlobalSection(ProjectConfigurationPlatforms) = postSolution
		{D8D86371-7E15-4275-8968-2FB431EBBDE3}.Debug|Any CPU.ActiveCfg = Debug|Any CPU
		{D8D86371-7E15-4275-8968-2FB431EBBDE3}.Debug|Any CPU.Build.0 = Debug|Any CPU
		{D8D86371-7E15-4275-8968-2FB431EBBDE3}.Release|Any CPU.ActiveCfg = Release|Any CPU
		{D8D86371-7E15-4275-8968-2FB431EBBDE3}.Release|Any CPU.Build.0 = Release|Any CPU
		{7CC22B24-8C9F-46DA-BE7C-A07BF5D73834}.Debug|Any CPU.ActiveCfg = Debug|Any CPU
		{7CC22B24-8C9F-46DA-BE7C-A07BF5D73834}.Debug|Any CPU.Build.0 = Debug|Any CPU
		{7CC22B24-8C9F-46DA-BE7C-A07BF5D73834}.Release|Any CPU.ActiveCfg = Release|Any CPU
		{7CC22B24-8C9F-46DA-BE7C-A07BF5D73834}.Release|Any CPU.Build.0 = Release|Any CPU
		{E068E024-2E58-41AD-A617-37DFA973F2E3}.Debug|Any CPU.ActiveCfg = Debug|Any CPU
		{E068E024-2E58-41AD-A617-37DFA973F2E3}.Debug|Any CPU.Build.0 = Debug|Any CPU
		{E068E024-2E58-41AD-A617-37DFA973F2E3}.Release|Any CPU.ActiveCfg = Release|Any CPU
		{E068E024-2E58-41AD-A617-37DFA973F2E3}.Release|Any CPU.Build.0 = Release|Any CPU
	EndGlobalSection
	GlobalSection(SolutionProperties) = preSolution
		HideSolutionNode = FALSE
	EndGlobalSection
	GlobalSection(NestedProjects) = preSolution
		{D8D86371-7E15-4275-8968-2FB431EBBDE3} = {C48B93CC-CA04-4372-AA5C-A8DAFA295BCF}
		{7CC22B24-8C9F-46DA-BE7C-A07BF5D73834} = {C48B93CC-CA04-4372-AA5C-A8DAFA295BCF}
		{E068E024-2E58-41AD-A617-37DFA973F2E3} = {4C764379-22AF-4939-9189-9F6C617752F1}
	EndGlobalSection
	GlobalSection(ExtensibilityGlobals) = postSolution
		SolutionGuid = {7BFDF2E3-B56D-4752-9A28-8AE0E3BC47E2}
	EndGlobalSection
EndGlobal
